{
  "object": {
    "pins": [
      {
        "package": "Foundation2",
        "repositoryURL": "https://github.com/illescasDaniel/Foundation2.git",
        "state": {
          "branch": null,
          "revision": "1e981cd087e68e884bcd61b168c1b6a608ae292a",
          "version": "1.1.0"
        }
      }
    ]
  },
  "version": 1
}
