{
  "object": {
    "pins": [
      {
        "package": "Foundation2",
        "repositoryURL": "https://github.com/illescasDaniel/Foundation2.git",
        "state": {
          "branch": null,
          "revision": "97d27aa311d771692dd5cec4cf7f2b2f27a8fe1c",
          "version": "1.4.0"
        }
      }
    ]
  },
  "version": 1
}
